
Microsoft Visual Studio Solution File, Format Version 11.00
# Visual Studio 2010
Project("{FAE04EC0-301F-11D3-BF4B-00C04F79EFBC}") = "HexaTest", "HexaTest\HexaTest.csproj", "{C645534A-5BC9-4316-9777-F53E95642999}"
EndProject
Project("{FAE04EC0-301F-11D3-BF4B-00C04F79EFBC}") = "HexaTestContent", "HexaTest\Content\HexaTestContent.contentproj", "{9A72113C-05D5-4015-9E32-90A3945E305D}"
EndProject
Global
	GlobalSection(SolutionConfigurationPlatforms) = preSolution
		Debug|x86 = Debug|x86
		Release|x86 = Release|x86
	EndGlobalSection
	GlobalSection(ProjectConfigurationPlatforms) = postSolution
		{C645534A-5BC9-4316-9777-F53E95642999}.Debug|x86.ActiveCfg = Debug|x86
		{C645534A-5BC9-4316-9777-F53E95642999}.Debug|x86.Build.0 = Debug|x86
		{C645534A-5BC9-4316-9777-F53E95642999}.Release|x86.ActiveCfg = Release|x86
		{C645534A-5BC9-4316-9777-F53E95642999}.Release|x86.Build.0 = Release|x86
		{9A72113C-05D5-4015-9E32-90A3945E305D}.Debug|x86.ActiveCfg = Debug|x86
		{9A72113C-05D5-4015-9E32-90A3945E305D}.Release|x86.ActiveCfg = Release|x86
	EndGlobalSection
	GlobalSection(SolutionProperties) = preSolution
		HideSolutionNode = FALSE
	EndGlobalSection
EndGlobal
